// !$*UTF8*$!
{
	archiveVersion = 1;
	classes = {
	};
	objectVersion = 55;
	objects = {

/* Begin PBXBuildFile section */
		761543C628A1E033007B1279 /* SeSACButton.swift in Sources */ = {isa = PBXBuildFile; fileRef = 761543C528A1E033007B1279 /* SeSACButton.swift */; };
		761543D028A1F176007B1279 /* CardView.swift in Sources */ = {isa = PBXBuildFile; fileRef = 761543CF28A1F176007B1279 /* CardView.swift */; };
		761543D228A1F1B8007B1279 /* CardView.xib in Resources */ = {isa = PBXBuildFile; fileRef = 761543D128A1F1B8007B1279 /* CardView.xib */; };
		761543D528A1F386007B1279 /* CardCollectionViewCell.swift in Sources */ = {isa = PBXBuildFile; fileRef = 761543D328A1F386007B1279 /* CardCollectionViewCell.swift */; };
		761543D628A1F386007B1279 /* CardCollectionViewCell.xib in Resources */ = {isa = PBXBuildFile; fileRef = 761543D428A1F386007B1279 /* CardCollectionViewCell.xib */; };
		761543DA28A1F66A007B1279 /* MainViewController.swift in Sources */ = {isa = PBXBuildFile; fileRef = 761543D928A1F66A007B1279 /* MainViewController.swift */; };
		7647D1E728A090240021B9AD /* AppDelegate.swift in Sources */ = {isa = PBXBuildFile; fileRef = 7647D1E628A090240021B9AD /* AppDelegate.swift */; };
		7647D1E928A090240021B9AD /* SceneDelegate.swift in Sources */ = {isa = PBXBuildFile; fileRef = 7647D1E828A090240021B9AD /* SceneDelegate.swift */; };
		7647D1EB28A090240021B9AD /* ViewController.swift in Sources */ = {isa = PBXBuildFile; fileRef = 7647D1EA28A090240021B9AD /* ViewController.swift */; };
		7647D1EE28A090240021B9AD /* Main.storyboard in Resources */ = {isa = PBXBuildFile; fileRef = 7647D1EC28A090240021B9AD /* Main.storyboard */; };
		7647D1F028A090250021B9AD /* Assets.xcassets in Resources */ = {isa = PBXBuildFile; fileRef = 7647D1EF28A090250021B9AD /* Assets.xcassets */; };
		7647D1F328A090250021B9AD /* LaunchScreen.storyboard in Resources */ = {isa = PBXBuildFile; fileRef = 7647D1F128A090250021B9AD /* LaunchScreen.storyboard */; };
		7647D1FC28A090400021B9AD /* Alamofire in Frameworks */ = {isa = PBXBuildFile; productRef = 7647D1FB28A090400021B9AD /* Alamofire */; };
		7647D1FF28A0904A0021B9AD /* Kingfisher in Frameworks */ = {isa = PBXBuildFile; productRef = 7647D1FE28A0904A0021B9AD /* Kingfisher */; };
		7647D20228A090590021B9AD /* SwiftyJSON in Frameworks */ = {isa = PBXBuildFile; productRef = 7647D20128A090590021B9AD /* SwiftyJSON */; };
		7647D20428A090D60021B9AD /* .gitignore in Resources */ = {isa = PBXBuildFile; fileRef = 7647D20328A090D60021B9AD /* .gitignore */; };
		7647D20628A091220021B9AD /* APIKey.swift in Sources */ = {isa = PBXBuildFile; fileRef = 7647D20528A091220021B9AD /* APIKey.swift */; };
		7647D20928A094EF0021B9AD /* EndPoint.swift in Sources */ = {isa = PBXBuildFile; fileRef = 7647D20828A094EF0021B9AD /* EndPoint.swift */; };
		7647D20B28A0951E0021B9AD /* URL+Extension.swift in Sources */ = {isa = PBXBuildFile; fileRef = 7647D20A28A0951D0021B9AD /* URL+Extension.swift */; };
		7647D20E28A09B9C0021B9AD /* KakaoBlogSearchAPIManger.swift in Sources */ = {isa = PBXBuildFile; fileRef = 7647D20D28A09B9C0021B9AD /* KakaoBlogSearchAPIManger.swift */; };
		7647D21028A0AC9A0021B9AD /* ClosureViewController.swift in Sources */ = {isa = PBXBuildFile; fileRef = 7647D20F28A0AC9A0021B9AD /* ClosureViewController.swift */; };
/* End PBXBuildFile section */

/* Begin PBXFileReference section */
		761543C528A1E033007B1279 /* SeSACButton.swift */ = {isa = PBXFileReference; lastKnownFileType = sourcecode.swift; path = SeSACButton.swift; sourceTree = "<group>"; };
		761543CF28A1F176007B1279 /* CardView.swift */ = {isa = PBXFileReference; lastKnownFileType = sourcecode.swift; path = CardView.swift; sourceTree = "<group>"; };
		761543D128A1F1B8007B1279 /* CardView.xib */ = {isa = PBXFileReference; lastKnownFileType = file.xib; path = CardView.xib; sourceTree = "<group>"; };
		761543D328A1F386007B1279 /* CardCollectionViewCell.swift */ = {isa = PBXFileReference; lastKnownFileType = sourcecode.swift; path = CardCollectionViewCell.swift; sourceTree = "<group>"; };
		761543D428A1F386007B1279 /* CardCollectionViewCell.xib */ = {isa = PBXFileReference; lastKnownFileType = file.xib; path = CardCollectionViewCell.xib; sourceTree = "<group>"; };
		761543D928A1F66A007B1279 /* MainViewController.swift */ = {isa = PBXFileReference; lastKnownFileType = sourcecode.swift; name = MainViewController.swift; path = APIManger/MainViewController.swift; sourceTree = "<group>"; };
		7647D1E328A090240021B9AD /* sesac-Week6.app */ = {isa = PBXFileReference; explicitFileType = wrapper.application; includeInIndex = 0; path = "sesac-Week6.app"; sourceTree = BUILT_PRODUCTS_DIR; };
		7647D1E628A090240021B9AD /* AppDelegate.swift */ = {isa = PBXFileReference; lastKnownFileType = sourcecode.swift; path = AppDelegate.swift; sourceTree = "<group>"; };
		7647D1E828A090240021B9AD /* SceneDelegate.swift */ = {isa = PBXFileReference; lastKnownFileType = sourcecode.swift; path = SceneDelegate.swift; sourceTree = "<group>"; };
		7647D1EA28A090240021B9AD /* ViewController.swift */ = {isa = PBXFileReference; lastKnownFileType = sourcecode.swift; path = ViewController.swift; sourceTree = "<group>"; };
		7647D1ED28A090240021B9AD /* Base */ = {isa = PBXFileReference; lastKnownFileType = file.storyboard; name = Base; path = Base.lproj/Main.storyboard; sourceTree = "<group>"; };
		7647D1EF28A090250021B9AD /* Assets.xcassets */ = {isa = PBXFileReference; lastKnownFileType = folder.assetcatalog; path = Assets.xcassets; sourceTree = "<group>"; };
		7647D1F228A090250021B9AD /* Base */ = {isa = PBXFileReference; lastKnownFileType = file.storyboard; name = Base; path = Base.lproj/LaunchScreen.storyboard; sourceTree = "<group>"; };
		7647D1F428A090250021B9AD /* Info.plist */ = {isa = PBXFileReference; lastKnownFileType = text.plist.xml; path = Info.plist; sourceTree = "<group>"; };
		7647D20328A090D60021B9AD /* .gitignore */ = {isa = PBXFileReference; lastKnownFileType = text; path = .gitignore; sourceTree = "<group>"; };
		7647D20528A091220021B9AD /* APIKey.swift */ = {isa = PBXFileReference; lastKnownFileType = sourcecode.swift; path = APIKey.swift; sourceTree = "<group>"; };
		7647D20828A094EF0021B9AD /* EndPoint.swift */ = {isa = PBXFileReference; lastKnownFileType = sourcecode.swift; path = EndPoint.swift; sourceTree = "<group>"; };
		7647D20A28A0951D0021B9AD /* URL+Extension.swift */ = {isa = PBXFileReference; lastKnownFileType = sourcecode.swift; path = "URL+Extension.swift"; sourceTree = "<group>"; };
		7647D20D28A09B9C0021B9AD /* KakaoBlogSearchAPIManger.swift */ = {isa = PBXFileReference; lastKnownFileType = sourcecode.swift; path = KakaoBlogSearchAPIManger.swift; sourceTree = "<group>"; };
		7647D20F28A0AC9A0021B9AD /* ClosureViewController.swift */ = {isa = PBXFileReference; lastKnownFileType = sourcecode.swift; path = ClosureViewController.swift; sourceTree = "<group>"; };
/* End PBXFileReference section */

/* Begin PBXFrameworksBuildPhase section */
		7647D1E028A090240021B9AD /* Frameworks */ = {
			isa = PBXFrameworksBuildPhase;
			buildActionMask = 2147483647;
			files = (
				7647D20228A090590021B9AD /* SwiftyJSON in Frameworks */,
				7647D1FF28A0904A0021B9AD /* Kingfisher in Frameworks */,
				7647D1FC28A090400021B9AD /* Alamofire in Frameworks */,
			);
			runOnlyForDeploymentPostprocessing = 0;
		};
/* End PBXFrameworksBuildPhase section */

/* Begin PBXGroup section */
		761543C428A1DFEF007B1279 /* View */ = {
			isa = PBXGroup;
			children = (
				761543C528A1E033007B1279 /* SeSACButton.swift */,
				761543CF28A1F176007B1279 /* CardView.swift */,
				761543D128A1F1B8007B1279 /* CardView.xib */,
				761543D328A1F386007B1279 /* CardCollectionViewCell.swift */,
				761543D428A1F386007B1279 /* CardCollectionViewCell.xib */,
			);
			path = View;
			sourceTree = "<group>";
		};
		7647D1DA28A090240021B9AD = {
			isa = PBXGroup;
			children = (
				7647D20328A090D60021B9AD /* .gitignore */,
				7647D1E428A090240021B9AD /* Products */,
				7647D1E528A090240021B9AD /* sesac-Week6 */,
			);
			sourceTree = "<group>";
		};
		7647D1E428A090240021B9AD /* Products */ = {
			isa = PBXGroup;
			children = (
				7647D1E328A090240021B9AD /* sesac-Week6.app */,
			);
			name = Products;
			sourceTree = "<group>";
		};
		7647D1E528A090240021B9AD /* sesac-Week6 */ = {
			isa = PBXGroup;
			children = (
				7647D1F428A090250021B9AD /* Info.plist */,
				7647D20528A091220021B9AD /* APIKey.swift */,
				7647D1E628A090240021B9AD /* AppDelegate.swift */,
				7647D20F28A0AC9A0021B9AD /* ClosureViewController.swift */,
				7647D1E828A090240021B9AD /* SceneDelegate.swift */,
				7647D1EA28A090240021B9AD /* ViewController.swift */,
				7647D1EF28A090250021B9AD /* Assets.xcassets */,
				7647D20C28A09B890021B9AD /* APIManger */,
				7647D1F128A090250021B9AD /* LaunchScreen.storyboard */,
				7647D1EC28A090240021B9AD /* Main.storyboard */,
				7647D20728A094E00021B9AD /* Network */,
				761543C428A1DFEF007B1279 /* View */,
				761543D928A1F66A007B1279 /* MainViewController.swift */,
			);
			path = "sesac-Week6";
			sourceTree = "<group>";
		};
		7647D20728A094E00021B9AD /* Network */ = {
			isa = PBXGroup;
			children = (
				7647D20828A094EF0021B9AD /* EndPoint.swift */,
				7647D20A28A0951D0021B9AD /* URL+Extension.swift */,
			);
			path = Network;
			sourceTree = "<group>";
		};
		7647D20C28A09B890021B9AD /* APIManger */ = {
			isa = PBXGroup;
			children = (
				7647D20D28A09B9C0021B9AD /* KakaoBlogSearchAPIManger.swift */,
			);
			path = APIManger;
			sourceTree = "<group>";
		};
/* End PBXGroup section */

/* Begin PBXNativeTarget section */
		7647D1E228A090240021B9AD /* sesac-Week6 */ = {
			isa = PBXNativeTarget;
			buildConfigurationList = 7647D1F728A090250021B9AD /* Build configuration list for PBXNativeTarget "sesac-Week6" */;
			buildPhases = (
				7647D1DF28A090240021B9AD /* Sources */,
				7647D1E028A090240021B9AD /* Frameworks */,
				7647D1E128A090240021B9AD /* Resources */,
			);
			buildRules = (
			);
			dependencies = (
			);
			name = "sesac-Week6";
			packageProductDependencies = (
				7647D1FB28A090400021B9AD /* Alamofire */,
				7647D1FE28A0904A0021B9AD /* Kingfisher */,
				7647D20128A090590021B9AD /* SwiftyJSON */,
			);
			productName = "sesac-Week6";
			productReference = 7647D1E328A090240021B9AD /* sesac-Week6.app */;
			productType = "com.apple.product-type.application";
		};
/* End PBXNativeTarget section */

/* Begin PBXProject section */
		7647D1DB28A090240021B9AD /* Project object */ = {
			isa = PBXProject;
			attributes = {
				BuildIndependentTargetsInParallel = 1;
				LastSwiftUpdateCheck = 1330;
				LastUpgradeCheck = 1330;
				TargetAttributes = {
					7647D1E228A090240021B9AD = {
						CreatedOnToolsVersion = 13.3.1;
					};
				};
			};
			buildConfigurationList = 7647D1DE28A090240021B9AD /* Build configuration list for PBXProject "sesac-Week6" */;
			compatibilityVersion = "Xcode 13.0";
			developmentRegion = en;
			hasScannedForEncodings = 0;
			knownRegions = (
				en,
				Base,
			);
			mainGroup = 7647D1DA28A090240021B9AD;
			packageReferences = (
				7647D1FA28A090400021B9AD /* XCRemoteSwiftPackageReference "Alamofire" */,
				7647D1FD28A0904A0021B9AD /* XCRemoteSwiftPackageReference "Kingfisher" */,
				7647D20028A090590021B9AD /* XCRemoteSwiftPackageReference "SwiftyJSON" */,
			);
			productRefGroup = 7647D1E428A090240021B9AD /* Products */;
			projectDirPath = "";
			projectRoot = "";
			targets = (
				7647D1E228A090240021B9AD /* sesac-Week6 */,
			);
		};
/* End PBXProject section */

/* Begin PBXResourcesBuildPhase section */
		7647D1E128A090240021B9AD /* Resources */ = {
			isa = PBXResourcesBuildPhase;
			buildActionMask = 2147483647;
			files = (
				7647D20428A090D60021B9AD /* .gitignore in Resources */,
				7647D1F328A090250021B9AD /* LaunchScreen.storyboard in Resources */,
				761543D228A1F1B8007B1279 /* CardView.xib in Resources */,
				7647D1F028A090250021B9AD /* Assets.xcassets in Resources */,
				761543D628A1F386007B1279 /* CardCollectionViewCell.xib in Resources */,
				7647D1EE28A090240021B9AD /* Main.storyboard in Resources */,
			);
			runOnlyForDeploymentPostprocessing = 0;
		};
/* End PBXResourcesBuildPhase section */

/* Begin PBXSourcesBuildPhase section */
		7647D1DF28A090240021B9AD /* Sources */ = {
			isa = PBXSourcesBuildPhase;
			buildActionMask = 2147483647;
			files = (
				7647D1EB28A090240021B9AD /* ViewController.swift in Sources */,
				7647D1E728A090240021B9AD /* AppDelegate.swift in Sources */,
				7647D21028A0AC9A0021B9AD /* ClosureViewController.swift in Sources */,
				761543DA28A1F66A007B1279 /* MainViewController.swift in Sources */,
				761543D528A1F386007B1279 /* CardCollectionViewCell.swift in Sources */,
				7647D20E28A09B9C0021B9AD /* KakaoBlogSearchAPIManger.swift in Sources */,
				761543D028A1F176007B1279 /* CardView.swift in Sources */,
				7647D20928A094EF0021B9AD /* EndPoint.swift in Sources */,
				761543C628A1E033007B1279 /* SeSACButton.swift in Sources */,
				7647D20628A091220021B9AD /* APIKey.swift in Sources */,
				7647D1E928A090240021B9AD /* SceneDelegate.swift in Sources */,
				7647D20B28A0951E0021B9AD /* URL+Extension.swift in Sources */,
			);
			runOnlyForDeploymentPostprocessing = 0;
		};
/* End PBXSourcesBuildPhase section */

/* Begin PBXVariantGroup section */
		7647D1EC28A090240021B9AD /* Main.storyboard */ = {
			isa = PBXVariantGroup;
			children = (
				7647D1ED28A090240021B9AD /* Base */,
			);
			name = Main.storyboard;
			sourceTree = "<group>";
		};
		7647D1F128A090250021B9AD /* LaunchScreen.storyboard */ = {
			isa = PBXVariantGroup;
			children = (
				7647D1F228A090250021B9AD /* Base */,
			);
			name = LaunchScreen.storyboard;
			sourceTree = "<group>";
		};
/* End PBXVariantGroup section */

/* Begin XCBuildConfiguration section */
		7647D1F528A090250021B9AD /* Debug */ = {
			isa = XCBuildConfiguration;
			buildSettings = {
				ALWAYS_SEARCH_USER_PATHS = NO;
				CLANG_ANALYZER_NONNULL = YES;
				CLANG_ANALYZER_NUMBER_OBJECT_CONVERSION = YES_AGGRESSIVE;
				CLANG_CXX_LANGUAGE_STANDARD = "gnu++17";
				CLANG_ENABLE_MODULES = YES;
				CLANG_ENABLE_OBJC_ARC = YES;
				CLANG_ENABLE_OBJC_WEAK = YES;
				CLANG_WARN_BLOCK_CAPTURE_AUTORELEASING = YES;
				CLANG_WARN_BOOL_CONVERSION = YES;
				CLANG_WARN_COMMA = YES;
				CLANG_WARN_CONSTANT_CONVERSION = YES;
				CLANG_WARN_DEPRECATED_OBJC_IMPLEMENTATIONS = YES;
				CLANG_WARN_DIRECT_OBJC_ISA_USAGE = YES_ERROR;
				CLANG_WARN_DOCUMENTATION_COMMENTS = YES;
				CLANG_WARN_EMPTY_BODY = YES;
				CLANG_WARN_ENUM_CONVERSION = YES;
				CLANG_WARN_INFINITE_RECURSION = YES;
				CLANG_WARN_INT_CONVERSION = YES;
				CLANG_WARN_NON_LITERAL_NULL_CONVERSION = YES;
				CLANG_WARN_OBJC_IMPLICIT_RETAIN_SELF = YES;
				CLANG_WARN_OBJC_LITERAL_CONVERSION = YES;
				CLANG_WARN_OBJC_ROOT_CLASS = YES_ERROR;
				CLANG_WARN_QUOTED_INCLUDE_IN_FRAMEWORK_HEADER = YES;
				CLANG_WARN_RANGE_LOOP_ANALYSIS = YES;
				CLANG_WARN_STRICT_PROTOTYPES = YES;
				CLANG_WARN_SUSPICIOUS_MOVE = YES;
				CLANG_WARN_UNGUARDED_AVAILABILITY = YES_AGGRESSIVE;
				CLANG_WARN_UNREACHABLE_CODE = YES;
				CLANG_WARN__DUPLICATE_METHOD_MATCH = YES;
				COPY_PHASE_STRIP = NO;
				DEBUG_INFORMATION_FORMAT = dwarf;
				ENABLE_STRICT_OBJC_MSGSEND = YES;
				ENABLE_TESTABILITY = YES;
				GCC_C_LANGUAGE_STANDARD = gnu11;
				GCC_DYNAMIC_NO_PIC = NO;
				GCC_NO_COMMON_BLOCKS = YES;
				GCC_OPTIMIZATION_LEVEL = 0;
				GCC_PREPROCESSOR_DEFINITIONS = (
					"DEBUG=1",
					"$(inherited)",
				);
				GCC_WARN_64_TO_32_BIT_CONVERSION = YES;
				GCC_WARN_ABOUT_RETURN_TYPE = YES_ERROR;
				GCC_WARN_UNDECLARED_SELECTOR = YES;
				GCC_WARN_UNINITIALIZED_AUTOS = YES_AGGRESSIVE;
				GCC_WARN_UNUSED_FUNCTION = YES;
				GCC_WARN_UNUSED_VARIABLE = YES;
				IPHONEOS_DEPLOYMENT_TARGET = 15.4;
				MTL_ENABLE_DEBUG_INFO = INCLUDE_SOURCE;
				MTL_FAST_MATH = YES;
				ONLY_ACTIVE_ARCH = YES;
				SDKROOT = iphoneos;
				SWIFT_ACTIVE_COMPILATION_CONDITIONS = DEBUG;
				SWIFT_OPTIMIZATION_LEVEL = "-Onone";
			};
			name = Debug;
		};
		7647D1F628A090250021B9AD /* Release */ = {
			isa = XCBuildConfiguration;
			buildSettings = {
				ALWAYS_SEARCH_USER_PATHS = NO;
				CLANG_ANALYZER_NONNULL = YES;
				CLANG_ANALYZER_NUMBER_OBJECT_CONVERSION = YES_AGGRESSIVE;
				CLANG_CXX_LANGUAGE_STANDARD = "gnu++17";
				CLANG_ENABLE_MODULES = YES;
				CLANG_ENABLE_OBJC_ARC = YES;
				CLANG_ENABLE_OBJC_WEAK = YES;
				CLANG_WARN_BLOCK_CAPTURE_AUTORELEASING = YES;
				CLANG_WARN_BOOL_CONVERSION = YES;
				CLANG_WARN_COMMA = YES;
				CLANG_WARN_CONSTANT_CONVERSION = YES;
				CLANG_WARN_DEPRECATED_OBJC_IMPLEMENTATIONS = YES;
				CLANG_WARN_DIRECT_OBJC_ISA_USAGE = YES_ERROR;
				CLANG_WARN_DOCUMENTATION_COMMENTS = YES;
				CLANG_WARN_EMPTY_BODY = YES;
				CLANG_WARN_ENUM_CONVERSION = YES;
				CLANG_WARN_INFINITE_RECURSION = YES;
				CLANG_WARN_INT_CONVERSION = YES;
				CLANG_WARN_NON_LITERAL_NULL_CONVERSION = YES;
				CLANG_WARN_OBJC_IMPLICIT_RETAIN_SELF = YES;
				CLANG_WARN_OBJC_LITERAL_CONVERSION = YES;
				CLANG_WARN_OBJC_ROOT_CLASS = YES_ERROR;
				CLANG_WARN_QUOTED_INCLUDE_IN_FRAMEWORK_HEADER = YES;
				CLANG_WARN_RANGE_LOOP_ANALYSIS = YES;
				CLANG_WARN_STRICT_PROTOTYPES = YES;
				CLANG_WARN_SUSPICIOUS_MOVE = YES;
				CLANG_WARN_UNGUARDED_AVAILABILITY = YES_AGGRESSIVE;
				CLANG_WARN_UNREACHABLE_CODE = YES;
				CLANG_WARN__DUPLICATE_METHOD_MATCH = YES;
				COPY_PHASE_STRIP = NO;
				DEBUG_INFORMATION_FORMAT = "dwarf-with-dsym";
				ENABLE_NS_ASSERTIONS = NO;
				ENABLE_STRICT_OBJC_MSGSEND = YES;
				GCC_C_LANGUAGE_STANDARD = gnu11;
				GCC_NO_COMMON_BLOCKS = YES;
				GCC_WARN_64_TO_32_BIT_CONVERSION = YES;
				GCC_WARN_ABOUT_RETURN_TYPE = YES_ERROR;
				GCC_WARN_UNDECLARED_SELECTOR = YES;
				GCC_WARN_UNINITIALIZED_AUTOS = YES_AGGRESSIVE;
				GCC_WARN_UNUSED_FUNCTION = YES;
				GCC_WARN_UNUSED_VARIABLE = YES;
				IPHONEOS_DEPLOYMENT_TARGET = 15.4;
				MTL_ENABLE_DEBUG_INFO = NO;
				MTL_FAST_MATH = YES;
				SDKROOT = iphoneos;
				SWIFT_COMPILATION_MODE = wholemodule;
				SWIFT_OPTIMIZATION_LEVEL = "-O";
				VALIDATE_PRODUCT = YES;
			};
			name = Release;
		};
		7647D1F828A090250021B9AD /* Debug */ = {
			isa = XCBuildConfiguration;
			buildSettings = {
				ASSETCATALOG_COMPILER_APPICON_NAME = AppIcon;
				ASSETCATALOG_COMPILER_GLOBAL_ACCENT_COLOR_NAME = AccentColor;
				CODE_SIGN_STYLE = Automatic;
				CURRENT_PROJECT_VERSION = 1;
				DEVELOPMENT_TEAM = RJ93CKCV9A;
				GENERATE_INFOPLIST_FILE = YES;
				INFOPLIST_FILE = "sesac-Week6/Info.plist";
				INFOPLIST_KEY_UIApplicationSupportsIndirectInputEvents = YES;
				INFOPLIST_KEY_UILaunchStoryboardName = LaunchScreen;
				INFOPLIST_KEY_UIMainStoryboardFile = Main;
				INFOPLIST_KEY_UISupportedInterfaceOrientations_iPad = "UIInterfaceOrientationPortrait UIInterfaceOrientationPortraitUpsideDown UIInterfaceOrientationLandscapeLeft UIInterfaceOrientationLandscapeRight";
				INFOPLIST_KEY_UISupportedInterfaceOrientations_iPhone = "UIInterfaceOrientationPortrait UIInterfaceOrientationLandscapeLeft UIInterfaceOrientationLandscapeRight";
				IPHONEOS_DEPLOYMENT_TARGET = 15.0;
				LD_RUNPATH_SEARCH_PATHS = (
					"$(inherited)",
					"@executable_path/Frameworks",
				);
				MARKETING_VERSION = 1.0;
				PRODUCT_BUNDLE_IDENTIFIER = "com.vonreal.sesac-Week6";
				PRODUCT_NAME = "$(TARGET_NAME)";
				SWIFT_EMIT_LOC_STRINGS = YES;
				SWIFT_VERSION = 5.0;
				TARGETED_DEVICE_FAMILY = 1;
			};
			name = Debug;
		};
		7647D1F928A090250021B9AD /* Release */ = {
			isa = XCBuildConfiguration;
			buildSettings = {
				ASSETCATALOG_COMPILER_APPICON_NAME = AppIcon;
				ASSETCATALOG_COMPILER_GLOBAL_ACCENT_COLOR_NAME = AccentColor;
				CODE_SIGN_STYLE = Automatic;
				CURRENT_PROJECT_VERSION = 1;
				DEVELOPMENT_TEAM = RJ93CKCV9A;
				GENERATE_INFOPLIST_FILE = YES;
				INFOPLIST_FILE = "sesac-Week6/Info.plist";
				INFOPLIST_KEY_UIApplicationSupportsIndirectInputEvents = YES;
				INFOPLIST_KEY_UILaunchStoryboardName = LaunchScreen;
				INFOPLIST_KEY_UIMainStoryboardFile = Main;
				INFOPLIST_KEY_UISupportedInterfaceOrientations_iPad = "UIInterfaceOrientationPortrait UIInterfaceOrientationPortraitUpsideDown UIInterfaceOrientationLandscapeLeft UIInterfaceOrientationLandscapeRight";
				INFOPLIST_KEY_UISupportedInterfaceOrientations_iPhone = "UIInterfaceOrientationPortrait UIInterfaceOrientationLandscapeLeft UIInterfaceOrientationLandscapeRight";
				IPHONEOS_DEPLOYMENT_TARGET = 15.0;
				LD_RUNPATH_SEARCH_PATHS = (
					"$(inherited)",
					"@executable_path/Frameworks",
				);
				MARKETING_VERSION = 1.0;
				PRODUCT_BUNDLE_IDENTIFIER = "com.vonreal.sesac-Week6";
				PRODUCT_NAME = "$(TARGET_NAME)";
				SWIFT_EMIT_LOC_STRINGS = YES;
				SWIFT_VERSION = 5.0;
				TARGETED_DEVICE_FAMILY = 1;
			};
			name = Release;
		};
/* End XCBuildConfiguration section */

/* Begin XCConfigurationList section */
		7647D1DE28A090240021B9AD /* Build configuration list for PBXProject "sesac-Week6" */ = {
			isa = XCConfigurationList;
			buildConfigurations = (
				7647D1F528A090250021B9AD /* Debug */,
				7647D1F628A090250021B9AD /* Release */,
			);
			defaultConfigurationIsVisible = 0;
			defaultConfigurationName = Release;
		};
		7647D1F728A090250021B9AD /* Build configuration list for PBXNativeTarget "sesac-Week6" */ = {
			isa = XCConfigurationList;
			buildConfigurations = (
				7647D1F828A090250021B9AD /* Debug */,
				7647D1F928A090250021B9AD /* Release */,
			);
			defaultConfigurationIsVisible = 0;
			defaultConfigurationName = Release;
		};
/* End XCConfigurationList section */

/* Begin XCRemoteSwiftPackageReference section */
		7647D1FA28A090400021B9AD /* XCRemoteSwiftPackageReference "Alamofire" */ = {
			isa = XCRemoteSwiftPackageReference;
			repositoryURL = "https://github.com/Alamofire/Alamofire.git";
			requirement = {
				kind = upToNextMajorVersion;
				minimumVersion = 5.0.0;
			};
		};
		7647D1FD28A0904A0021B9AD /* XCRemoteSwiftPackageReference "Kingfisher" */ = {
			isa = XCRemoteSwiftPackageReference;
			repositoryURL = "https://github.com/onevcat/Kingfisher.git";
			requirement = {
				kind = upToNextMajorVersion;
				minimumVersion = 7.0.0;
			};
		};
		7647D20028A090590021B9AD /* XCRemoteSwiftPackageReference "SwiftyJSON" */ = {
			isa = XCRemoteSwiftPackageReference;
			repositoryURL = "https://github.com/SwiftyJSON/SwiftyJSON.git";
			requirement = {
				kind = upToNextMajorVersion;
				minimumVersion = 5.0.0;
			};
		};
/* End XCRemoteSwiftPackageReference section */

/* Begin XCSwiftPackageProductDependency section */
		7647D1FB28A090400021B9AD /* Alamofire */ = {
			isa = XCSwiftPackageProductDependency;
			package = 7647D1FA28A090400021B9AD /* XCRemoteSwiftPackageReference "Alamofire" */;
			productName = Alamofire;
		};
		7647D1FE28A0904A0021B9AD /* Kingfisher */ = {
			isa = XCSwiftPackageProductDependency;
			package = 7647D1FD28A0904A0021B9AD /* XCRemoteSwiftPackageReference "Kingfisher" */;
			productName = Kingfisher;
		};
		7647D20128A090590021B9AD /* SwiftyJSON */ = {
			isa = XCSwiftPackageProductDependency;
			package = 7647D20028A090590021B9AD /* XCRemoteSwiftPackageReference "SwiftyJSON" */;
			productName = SwiftyJSON;
		};
/* End XCSwiftPackageProductDependency section */
	};
	rootObject = 7647D1DB28A090240021B9AD /* Project object */;
}
